cloud.google.com/go v0.25.0 h1:6vD6xZTc8Jo6To8gHxFDRVsMvWFDgY3rugNszcDalN8=
cloud.google.com/go v0.25.0/go.mod h1:aQUYkXzVsufM+DwF1aE+0xfcU+56JwCaLick0ClmMTw=
facette.io/httputil v0.0.0-20170428061541-60b4ff39bac2 h1:xoxb56mS30xya0/bIGJa1Uy1JS9vDPvuHTTMUIsmb5A=
facette.io/httputil v0.0.0-20170428061541-60b4ff39bac2/go.mod h1:nJojrTx2I7ZNj2t9p7RMsuiVqVB8Xm2HV12pj4hOtKQ=
facette.io/httputil v0.0.0-20180722062017-03702f5439d5 h1:/GRUNgjnMg8cpAWAOvkZTDbWk5wY3kkpOJ4CQ0INlnw=
facette.io/httputil v0.0.0-20180722062017-03702f5439d5/go.mod h1:nJojrTx2I7ZNj2t9p7RMsuiVqVB8Xm2HV12pj4hOtKQ=
facette.io/jsonutil v0.0.0-20180612092102-be94c45d1cfa h1:OkrlHV2Hq3pZx3sbrO2H3ZBWPjBuG70bilZtJS5Hv9g=
facette.io/jsonutil v0.0.0-20180612092102-be94c45d1cfa/go.mod h1:sKiTJOIVBhuzXiZrSkmWuZzFsmaEDJM4g+kMjDKWQLw=
facette.io/jsonutil v0.0.0-20180805145150-4f1093d886f5 h1:6J1INw/c/nPSBgj0+2g+hUPFUiScEv4HwbnbfwvqRXI=
facette.io/jsonutil v0.0.0-20180805145150-4f1093d886f5/go.mod h1:sKiTJOIVBhuzXiZrSkmWuZzFsmaEDJM4g+kMjDKWQLw=
facette.io/logger v0.0.0-20180117130157-60ca3a8b846b h1:Sql9s5Mn/HqtAPOLt3tGNA/9Dv4RV1Hkhw5VGb+Prw8=
facette.io/logger v0.0.0-20180117130157-60ca3a8b846b/go.mod h1:/5TpAyPW658xSxgFLkta3oSS+X6HkulEMGslM2er3xI=
facette.io/logger v0.0.0-20180722062109-da270acfbf33 h1:gzPJoiP3sgDDFRPlCFJAW+VN/zsu7xWZX+FEnhfc0YE=
facette.io/logger v0.0.0-20180722062109-da270acfbf33/go.mod h1:/5TpAyPW658xSxgFLkta3oSS+X6HkulEMGslM2er3xI=
facette.io/maputil v0.0.0-20171026075356-996f738de655 h1:j1nthMTQYSDAZW/OnfA/oahmu7HIC09n/zbxTdX9slo=
facette.io/maputil v0.0.0-20171026075356-996f738de655/go.mod h1:CNeWWvTH+TA5XXWZ/96HLSUmG3nLSJ6LLrtOCBb0bi8=
facette.io/maputil v0.0.0-20180722062138-ae1af0135367 h1:vnf3Ew+eqXjVHkx0k5wHDCFeeOrpxcHRv079RhBaIvY=
facette.io/maputil v0.0.0-20180722062138-ae1af0135367/go.mod h1:CNeWWvTH+TA5XXWZ/96HLSUmG3nLSJ6LLrtOCBb0bi8=
facette.io/natsort v0.0.0-20160904201600-3769c5fd3100 h1:Sc14+zotOmiRiBEK7EiC56PWHNMiw3LQGYFnTFC35E0=
facette.io/natsort v0.0.0-20160904201600-3769c5fd3100/go.mod h1:npRYmtaITVom7rcSo+pRURltHSG2r4TQM1cdqJ2dUB0=
facette.io/natsort v0.0.0-20180722062153-6f9d4f1908ea h1:4eJF2KxQPi/NDCJExaHRZ4cwoTjk7uQCek2DaT1UAoc=
facette.io/natsort v0.0.0-20180722062153-6f9d4f1908ea/go.mod h1:npRYmtaITVom7rcSo+pRURltHSG2r4TQM1cdqJ2dUB0=
facette.io/sliceutil v0.0.0-20170517111016-4d3b747100a5 h1:IyPGxiLxPL9sRDueq9wsQdYNPct3EL/CJyhwWBl+niI=
facette.io/sliceutil v0.0.0-20170517111016-4d3b747100a5/go.mod h1:SZZwYYYNSeIV07G8pETY6VdW5Rqj6s5o5/q8EJrbCJ8=
facette.io/sliceutil v0.0.0-20180722062214-6331e327f72d h1:HbSkUDhcxJyqC+B3bpapkT37SKIXg5AXEMn592X2PrM=
facette.io/sliceutil v0.0.0-20180722062214-6331e327f72d/go.mod h1:SZZwYYYNSeIV07G8pETY6VdW5Rqj6s5o5/q8EJrbCJ8=
facette.io/sqlstorage v0.0.0-20180721225407-4f1e1ca9b3b9 h1:+HOWYmEHD6hLMiPn4FQ3JFBbWXAzdfeS9hX+XBYG5nk=
facette.io/sqlstorage v0.0.0-20180721225407-4f1e1ca9b3b9/go.mod h1:Z8hv7tjWu4yVsQW8rjJfsS1NE4uux/ebbU8b4zuuSE4=
facette.io/sqlstorage v0.0.0-20180722062226-9a160f84b339 h1:gM3MtRQXzuNbY9UDY/n418gvtkoJS434L4uoSUG3KSo=
facette.io/sqlstorage v0.0.0-20180722062226-9a160f84b339/go.mod h1:Z8hv7tjWu4yVsQW8rjJfsS1NE4uux/ebbU8b4zuuSE4=
github.com/cosiner/argv v0.0.0-20170225145430-13bacc38a0a5 h1:rIXlvz2IWiupMFlC45cZCXZFvKX/ExBcSLrDy2G0Lp8=
github.com/cosiner/argv v0.0.0-20170225145430-13bacc38a0a5/go.mod h1:p/NrK5tF6ICIly4qwEDsf6VDirFiWWz0FenfYBwJaKQ=
github.com/cosiner/flag v0.0.0-20170716090135-e5e06a5be4a3 h1:A2Fm0RTuDy/2oc0sywGhEq+7FR/TQLu9H1sNn1LW2IA=
github.com/cosiner/flag v0.0.0-20170716090135-e5e06a5be4a3/go.mod h1:PgTiVSHKuMtff0Fmwn67NYMCIZnQ6REkWYyYs/9bwb0=
github.com/denisenkom/go-mssqldb v0.0.0-20180707235734-242fa5aa1b45 h1:UW8VerkZA1zCt3uWhQ2wbMae76OLn7s7Utz8wyKtJUk=
github.com/denisenkom/go-mssqldb v0.0.0-20180707235734-242fa5aa1b45/go.mod h1:xN/JuLBIz4bjkxNmByTiV1IbhfnYb6oo99phBn4Eqhc=
github.com/erikstmartin/go-testdb v0.0.0-20160219214506-8d10e4a1bae5 h1:Yzb9+7DPaBjB8zlTR87/ElzFsnQfuHnVUVqpZZIcV5Y=
github.com/erikstmartin/go-testdb v0.0.0-20160219214506-8d10e4a1bae5/go.mod h1:a2zkGnVExMxdzMo3M0Hi/3sEU+cWnZpSni0O6/Yb/P0=
github.com/go-sql-driver/mysql v1.4.0 h1:7LxgVwFb2hIQtMm87NdgAVfXjnt4OePseqT1tKx+opk=
github.com/go-sql-driver/mysql v1.4.0/go.mod h1:zAC/RDZ24gD3HViQzih4MyKcchzm+sOG5ZlKdlhCg5w=
github.com/gogo/protobuf v1.1.1 h1:72R+M5VuhED/KujmZVcIquuo8mBgX4oVda//DQb3PXo=
github.com/gogo/protobuf v1.1.1/go.mod h1:r8qH/GZQm5c6nD/R0oafs1akxWv10x8SbQlK7atdtwQ=
github.com/google/go-cmp v0.2.0 h1:+dTQ8DZQJz0Mb/HjFlkptS1FeQ4cWSnN941F8aEG4SQ=
github.com/google/go-cmp v0.2.0/go.mod h1:oXzfMopK8JAjlY9xF4vHSVASa0yLyX7SntLO5aqRK0M=
github.com/hashicorp/go-uuid v0.0.0-20180228145832-27454136f036 h1:d8T6WIONl4rMCPcQ/eY3uSz3+e4/GaoflKjXrWMex1U=
github.com/hashicorp/go-uuid v0.0.0-20180228145832-27454136f036/go.mod h1:6SBZvOh/SIDV7/2o3Jml5SYk/TvGqwFJ/bN7x4byOro=
github.com/influxdata/influxdb v1.6.0 h1:LAEQT8QcsKroxs5VHFsKCIPZAnY49fi3k/p29q+0R3o=
github.com/influxdata/influxdb v1.6.0/go.mod h1:qZna6X/4elxqT3yI9iZYdZrWWdeFOOprn86kgg4+IzY=
github.com/influxdata/influxdb v1.6.1 h1:OseoBlzI5ftNI/bczyxSWq6PKRCNEeiXvyWP/wS5fB0=
github.com/influxdata/influxdb v1.6.1/go.mod h1:qZna6X/4elxqT3yI9iZYdZrWWdeFOOprn86kgg4+IzY=
github.com/influxdata/influxql v0.0.0-20180717201005-c661ab7db8ad h1:InkKjTKvd1mrLZ3ruq9f8m2GWXSadco/DnUgeLUO4UE=
github.com/influxdata/influxql v0.0.0-20180717201005-c661ab7db8ad/go.mod h1:KpVI7okXjK6PRi3Z5B+mtKZli+R1DnZgb3N+tzevNgo=
github.com/jinzhu/gorm v1.9.1 h1:lDSDtsCt5AGGSKTs8AHlSDbbgif4G4+CKJ8ETBDVHTA=
github.com/jinzhu/gorm v1.9.1/go.mod h1:Vla75njaFJ8clLU1W44h34PjIkijhjHIYnZxMqCdxqo=
github.com/jinzhu/inflection v0.0.0-20180308033659-04140366298a h1:eeaG9XMUvRBYXJi4pg1ZKM7nxc5AfXfojeLLW7O5J3k=
github.com/jinzhu/inflection v0.0.0-20180308033659-04140366298a/go.mod h1:h+uFLlag+Qp1Va5pdKtLDYj+kHp5pxUVkryuEj+Srlc=
github.com/jinzhu/now v0.0.0-20180511015916-ed742868f2ae h1:8bBMcboXYVuo0WYH+rPe5mB8obO89a993hdTZ3phTjc=
github.com/jinzhu/now v0.0.0-20180511015916-ed742868f2ae/go.mod h1:oHTiXerJ20+SfYcrdlBO7rzZRJWGwSTQ0iUY2jI6Gfc=
github.com/kr/pretty v0.1.0 h1:L/CwN0zerZDmRFUapSPitk6f+Q3+0za1rQkzVuMiMFI=
github.com/kr/pretty v0.1.0/go.mod h1:dAy3ld7l9f0ibDNOQOHHMYYIIbhfbHSm3C4ZsoJORNo=
github.com/kr/pty v1.1.1/go.mod h1:pFQYn66WHrOpPYNljwOMqo10TkYh1fy3cYio2l3bCsQ=
github.com/kr/pty v1.1.2/go.mod h1:pFQYn66WHrOpPYNljwOMqo10TkYh1fy3cYio2l3bCsQ=
github.com/kr/text v0.1.0 h1:45sCR5RtlFHMR4UwH9sdQ5TC8v0qDQCHnXt+kaKSTVE=
github.com/kr/text v0.1.0/go.mod h1:4Jbv+DJW3UT/LiOwJeYQe1efqtUx/iVham/4vfdArNI=
github.com/lib/pq v0.0.0-20180523175426-90697d60dd84 h1:it29sI2IM490luSc3RAhp5WuCYnc6RtbfLVAB7nmC5M=
github.com/lib/pq v0.0.0-20180523175426-90697d60dd84/go.mod h1:5WUZQaWbwv1U+lTReE5YruASi9Al49XbQIvNi/34Woo=
github.com/mattn/go-colorable v0.0.9 h1:UVL0vNpWh04HeJXV0KLcaT7r06gOH2l4OW6ddYRUIY4=
github.com/mattn/go-colorable v0.0.9/go.mod h1:9vuHe8Xs5qXnSaW/c/ABM9alt+Vo+STaOChaDxuIBZU=
github.com/mattn/go-isatty v0.0.3 h1:ns/ykhmWi7G9O+8a448SecJU3nSMBXJfqQkl0upE1jI=
github.com/mattn/go-isatty v0.0.3/go.mod h1:M+lRXTBqGeGNdLjl/ufCoiOlB5xdOkqRJdNxMWT7Zi4=
github.com/mattn/go-sqlite3 v1.9.0 h1:pDRiWfl+++eC2FEFRy6jXmQlvp4Yh3z1MJKg4UeYM/4=
github.com/mattn/go-sqlite3 v1.9.0/go.mod h1:FPy6KqzDD04eiIsT53CuJW3U88zkxoIYsOqkbpncsNc=
github.com/mgutz/ansi v0.0.0-20170206155736-9520e82c474b h1:j7+1HpAFS1zy5+Q4qx1fWh90gTKwiN4QCGoY9TWyyO4=
github.com/mgutz/ansi v0.0.0-20170206155736-9520e82c474b/go.mod h1:01TrycV0kFyexm33Z7vhZRXopbI8J3TDReVlkTgMUxE=
github.com/oklog/run v1.0.0 h1:Ru7dDtJNOyC66gQ5dQmaCa0qIsAUFY3sFpK1Xk8igrw=
github.com/oklog/run v1.0.0/go.mod h1:dlhp/R75TPv97u0XWUtDeV/lRKWPKSdTuV0TZvrmrQA=
github.com/pkg/errors v0.8.0 h1:WdK/asTD0HN+q6hsWO3/vpuAkAr+tw6aNJNDFFf0+qw=
github.com/pkg/errors v0.8.0/go.mod h1:bwawxfHBFNV+L2hUp1rHADufV3IMtnDRdf1r5NINEl0=
github.com/vbatoufflet/httproute v0.0.0-20180331091320-6cd02cbf8f5c h1:QPjHwkXaf6Wlj3rqTcrVm1t3frUTF28Iwg2r1NCOUes=
github.com/vbatoufflet/httproute v0.0.0-20180331091320-6cd02cbf8f5c/go.mod h1:s070+ojzqAKg9U9FC51du+lnQe1QTmQ1h8HPgtPHIYo=
github.com/vbatoufflet/httproute v0.0.0-20180726070139-ea5eb863770f h1:P4EjahhDCQV4aCjtGgvFIYKY4fGRhZE29mfHNWQUKZw=
github.com/vbatoufflet/httproute v0.0.0-20180726070139-ea5eb863770f/go.mod h1:s070+ojzqAKg9U9FC51du+lnQe1QTmQ1h8HPgtPHIYo=
github.com/ziutek/rrd v0.0.0-20170125160940-86f4f09e7abb h1:PyyvUBJ5QfaEKL/IRe0kzckEWMmufuCWEokPOx9RLHo=
github.com/ziutek/rrd v0.0.0-20170125160940-86f4f09e7abb/go.mod h1:kncaQbFuKfmLNOnFKb9VQJ6qWV61iHxIxUQZBZvbEfA=
golang.org/x/crypto v0.0.0-20180718160520-a2144134853f h1:lRy+hhwk7YT7MsKejxuz0C5Q1gk6p/QoPQYEmKmGFb8=
golang.org/x/crypto v0.0.0-20180718160520-a2144134853f/go.mod h1:6SG95UA2DQfeDnfUPMdvaQW0Q7yPrPDi9nlGo2tz2b4=
golang.org/x/crypto v0.0.0-20180802221240-56440b844dfe/go.mod h1:6SG95UA2DQfeDnfUPMdvaQW0Q7yPrPDi9nlGo2tz2b4=
gopkg.in/check.v1 v0.0.0-20161208181325-20d25e280405/go.mod h1:Co6ibVJAznAaIkqp8huTwlJQCZ016jof/cbN4VW5Yz0=
gopkg.in/check.v1 v1.0.0-20180628173108-788fd7840127 h1:qIbj1fsPNlZgppZ+VLlY7N33q108Sa+fhmuc+sWQYwY=
gopkg.in/check.v1 v1.0.0-20180628173108-788fd7840127/go.mod h1:Co6ibVJAznAaIkqp8huTwlJQCZ016jof/cbN4VW5Yz0=
gopkg.in/yaml.v2 v2.2.1 h1:mUhvW9EsL+naU5Q3cakzfE91YhliOondGd6ZrsDBHQE=
gopkg.in/yaml.v2 v2.2.1/go.mod h1:hI93XBmqTisBFMUTm0b8Fm+jr3Dg1NNxqwp+5A1VGuI=
